
Microsoft Visual Studio Solution File, Format Version 11.00
# Visual Studio 2010
Project("{FAE04EC0-301F-11D3-BF4B-00C04F79EFBC}") = "AmosBatista.ComicsServer.Core", "AmosBatista.ComicsServer.Core.csproj", "{32332D72-5CBD-410C-8426-17E2B0100902}"
EndProject
Global
	GlobalSection(SolutionConfigurationPlatforms) = preSolution
		Debug|Any CPU = Debug|Any CPU
		Release|Any CPU = Release|Any CPU
	EndGlobalSection
	GlobalSection(ProjectConfigurationPlatforms) = postSolution
		{32332D72-5CBD-410C-8426-17E2B0100902}.Debug|Any CPU.ActiveCfg = Debug|Any CPU
		{32332D72-5CBD-410C-8426-17E2B0100902}.Debug|Any CPU.Build.0 = Debug|Any CPU
		{32332D72-5CBD-410C-8426-17E2B0100902}.Release|Any CPU.ActiveCfg = Release|Any CPU
		{32332D72-5CBD-410C-8426-17E2B0100902}.Release|Any CPU.Build.0 = Release|Any CPU
	EndGlobalSection
	GlobalSection(SolutionProperties) = preSolution
		HideSolutionNode = FALSE
	EndGlobalSection
EndGlobal
